
Microsoft Visual Studio Solution File, Format Version 12.00
# Visual Studio Version 17
VisualStudioVersion = 17.6.33801.468
MinimumVisualStudioVersion = 10.0.40219.1
Project("{9A19103F-16F7-4668-BE54-9A1E7A4F7556}") = "CarCatalog", "CarCatalog.csproj", "{D9E9D9C0-008D-4679-ADC6-99DC3A89605C}"
EndProject
Project("{9A19103F-16F7-4668-BE54-9A1E7A4F7556}") = "CarCatalog.Core", "..\CarCatalog.Core\CarCatalog.Core.csproj", "{FBBD913B-E585-4BC5-933B-0A740B0A4E05}"
EndProject
Project("{9A19103F-16F7-4668-BE54-9A1E7A4F7556}") = "CarCatalog.Infrastructure", "..\CarCatalog.Infrastructure\CarCatalog.Infrastructure.csproj", "{EBBD237B-617C-47E3-9A47-BE245A077726}"
EndProject
Project("{9A19103F-16F7-4668-BE54-9A1E7A4F7556}") = "CarCatalog.Api", "..\CarCatalog.Api\CarCatalog.Api.csproj", "{6A665021-C98A-490D-A435-D9869D945634}"
EndProject
Project("{2150E333-8FDC-42A3-9474-1A3956D46DE8}") = "Solution Items", "Solution Items", "{3D74762A-38C6-4CD3-A959-2177EF1C0A6A}"
	ProjectSection(SolutionItems) = preProject
		.editorconfig = .editorconfig
	EndProjectSection
EndProject
Global
	GlobalSection(SolutionConfigurationPlatforms) = preSolution
		Debug|Any CPU = Debug|Any CPU
		Release|Any CPU = Release|Any CPU
	EndGlobalSection
	GlobalSection(ProjectConfigurationPlatforms) = postSolution
		{D9E9D9C0-008D-4679-ADC6-99DC3A89605C}.Debug|Any CPU.ActiveCfg = Debug|Any CPU
		{D9E9D9C0-008D-4679-ADC6-99DC3A89605C}.Debug|Any CPU.Build.0 = Debug|Any CPU
		{D9E9D9C0-008D-4679-ADC6-99DC3A89605C}.Release|Any CPU.ActiveCfg = Release|Any CPU
		{D9E9D9C0-008D-4679-ADC6-99DC3A89605C}.Release|Any CPU.Build.0 = Release|Any CPU
		{FBBD913B-E585-4BC5-933B-0A740B0A4E05}.Debug|Any CPU.ActiveCfg = Debug|Any CPU
		{FBBD913B-E585-4BC5-933B-0A740B0A4E05}.Debug|Any CPU.Build.0 = Debug|Any CPU
		{FBBD913B-E585-4BC5-933B-0A740B0A4E05}.Release|Any CPU.ActiveCfg = Release|Any CPU
		{FBBD913B-E585-4BC5-933B-0A740B0A4E05}.Release|Any CPU.Build.0 = Release|Any CPU
		{EBBD237B-617C-47E3-9A47-BE245A077726}.Debug|Any CPU.ActiveCfg = Debug|Any CPU
		{EBBD237B-617C-47E3-9A47-BE245A077726}.Debug|Any CPU.Build.0 = Debug|Any CPU
		{EBBD237B-617C-47E3-9A47-BE245A077726}.Release|Any CPU.ActiveCfg = Release|Any CPU
		{EBBD237B-617C-47E3-9A47-BE245A077726}.Release|Any CPU.Build.0 = Release|Any CPU
		{6A665021-C98A-490D-A435-D9869D945634}.Debug|Any CPU.ActiveCfg = Debug|Any CPU
		{6A665021-C98A-490D-A435-D9869D945634}.Debug|Any CPU.Build.0 = Debug|Any CPU
		{6A665021-C98A-490D-A435-D9869D945634}.Release|Any CPU.ActiveCfg = Release|Any CPU
		{6A665021-C98A-490D-A435-D9869D945634}.Release|Any CPU.Build.0 = Release|Any CPU
	EndGlobalSection
	GlobalSection(SolutionProperties) = preSolution
		HideSolutionNode = FALSE
	EndGlobalSection
	GlobalSection(ExtensibilityGlobals) = postSolution
		SolutionGuid = {B19CD423-D390-4AC1-9D94-A37F534875EC}
	EndGlobalSection
EndGlobal
